
Microsoft Visual Studio Solution File, Format Version 12.00
# Visual Studio Version 17
VisualStudioVersion = 17.6.33723.286
MinimumVisualStudioVersion = 10.0.40219.1
Project("{FAE04EC0-301F-11D3-BF4B-00C04F79EFBC}") = "p3q3", "p3q3\p3q3.csproj", "{4E2E319F-D3F6-4D3D-8521-1F4D4D36A418}"
EndProject
Global
	GlobalSection(SolutionConfigurationPlatforms) = preSolution
		Debug|Any CPU = Debug|Any CPU
		Release|Any CPU = Release|Any CPU
	EndGlobalSection
	GlobalSection(ProjectConfigurationPlatforms) = postSolution
		{4E2E319F-D3F6-4D3D-8521-1F4D4D36A418}.Debug|Any CPU.ActiveCfg = Debug|Any CPU
		{4E2E319F-D3F6-4D3D-8521-1F4D4D36A418}.Debug|Any CPU.Build.0 = Debug|Any CPU
		{4E2E319F-D3F6-4D3D-8521-1F4D4D36A418}.Release|Any CPU.ActiveCfg = Release|Any CPU
		{4E2E319F-D3F6-4D3D-8521-1F4D4D36A418}.Release|Any CPU.Build.0 = Release|Any CPU
	EndGlobalSection
	GlobalSection(SolutionProperties) = preSolution
		HideSolutionNode = FALSE
	EndGlobalSection
	GlobalSection(ExtensibilityGlobals) = postSolution
		SolutionGuid = {E1B15DE6-4F2C-4A56-87DE-C0E5F3BB0432}
	EndGlobalSection
EndGlobal
