
Microsoft Visual Studio Solution File, Format Version 12.00
# Visual Studio Version 17
VisualStudioVersion = 17.6.33723.286
MinimumVisualStudioVersion = 10.0.40219.1
Project("{FAE04EC0-301F-11D3-BF4B-00C04F79EFBC}") = "prova3questao6", "prova3questao6\prova3questao6.csproj", "{33578B10-ADBB-40AA-B046-8EAE17EC7A38}"
EndProject
Global
	GlobalSection(SolutionConfigurationPlatforms) = preSolution
		Debug|Any CPU = Debug|Any CPU
		Release|Any CPU = Release|Any CPU
	EndGlobalSection
	GlobalSection(ProjectConfigurationPlatforms) = postSolution
		{33578B10-ADBB-40AA-B046-8EAE17EC7A38}.Debug|Any CPU.ActiveCfg = Debug|Any CPU
		{33578B10-ADBB-40AA-B046-8EAE17EC7A38}.Debug|Any CPU.Build.0 = Debug|Any CPU
		{33578B10-ADBB-40AA-B046-8EAE17EC7A38}.Release|Any CPU.ActiveCfg = Release|Any CPU
		{33578B10-ADBB-40AA-B046-8EAE17EC7A38}.Release|Any CPU.Build.0 = Release|Any CPU
	EndGlobalSection
	GlobalSection(SolutionProperties) = preSolution
		HideSolutionNode = FALSE
	EndGlobalSection
	GlobalSection(ExtensibilityGlobals) = postSolution
		SolutionGuid = {98EE0EBB-CB5E-4570-9763-6E9536D83B47}
	EndGlobalSection
EndGlobal
